
Microsoft Visual Studio Solution File, Format Version 12.00
# Visual Studio Version 16
VisualStudioVersion = 16.0.29201.188
MinimumVisualStudioVersion = 10.0.40219.1
Project("{FAE04EC0-301F-11D3-BF4B-00C04F79EFBC}") = "EX8A", "EX8A\EX8A.csproj", "{12B5893C-9BDA-4B5A-B6FA-1A3FD1173AD1}"
EndProject
Global
	GlobalSection(SolutionConfigurationPlatforms) = preSolution
		Debug|Any CPU = Debug|Any CPU
		Release|Any CPU = Release|Any CPU
	EndGlobalSection
	GlobalSection(ProjectConfigurationPlatforms) = postSolution
		{12B5893C-9BDA-4B5A-B6FA-1A3FD1173AD1}.Debug|Any CPU.ActiveCfg = Debug|Any CPU
		{12B5893C-9BDA-4B5A-B6FA-1A3FD1173AD1}.Debug|Any CPU.Build.0 = Debug|Any CPU
		{12B5893C-9BDA-4B5A-B6FA-1A3FD1173AD1}.Release|Any CPU.ActiveCfg = Release|Any CPU
		{12B5893C-9BDA-4B5A-B6FA-1A3FD1173AD1}.Release|Any CPU.Build.0 = Release|Any CPU
	EndGlobalSection
	GlobalSection(SolutionProperties) = preSolution
		HideSolutionNode = FALSE
	EndGlobalSection
	GlobalSection(ExtensibilityGlobals) = postSolution
		SolutionGuid = {DFD8A2E6-768A-41A0-A8D2-02E4EFF4BB96}
	EndGlobalSection
EndGlobal
